Microsoft Visual Studio Solution File, Format Version 12.00
# Visual Studio 2012
Project("{FAE04EC0-301F-11D3-BF4B-00C04F79EFBC}") = "soulbound", "soulbound.csproj", "{D8652E7F-22E1-403F-8C78-C5DAAD43C3AC}"
EndProject
Global
	GlobalSection(SolutionConfigurationPlatforms) = preSolution
	Debug|Any CPU = Debug|Any CPU
	ExportDebug|Any CPU = ExportDebug|Any CPU
	ExportRelease|Any CPU = ExportRelease|Any CPU
	EndGlobalSection
	GlobalSection(ProjectConfigurationPlatforms) = postSolution
		{D8652E7F-22E1-403F-8C78-C5DAAD43C3AC}.Debug|Any CPU.ActiveCfg = Debug|Any CPU
		{D8652E7F-22E1-403F-8C78-C5DAAD43C3AC}.Debug|Any CPU.Build.0 = Debug|Any CPU
		{D8652E7F-22E1-403F-8C78-C5DAAD43C3AC}.ExportDebug|Any CPU.ActiveCfg = ExportDebug|Any CPU
		{D8652E7F-22E1-403F-8C78-C5DAAD43C3AC}.ExportDebug|Any CPU.Build.0 = ExportDebug|Any CPU
		{D8652E7F-22E1-403F-8C78-C5DAAD43C3AC}.ExportRelease|Any CPU.ActiveCfg = ExportRelease|Any CPU
		{D8652E7F-22E1-403F-8C78-C5DAAD43C3AC}.ExportRelease|Any CPU.Build.0 = ExportRelease|Any CPU
	EndGlobalSection
EndGlobal
